<?xml version="1.0" encoding="utf-8"?>
<Project ToolsVersion="4.0" xmlns="http://schemas.microsoft.com/developer/msbuild/2003">
  <ItemGroup>
    <Filter Include="Source Files">
      <UniqueIdentifier>{B2D4F6A8-C0E2-4F8B-A2C4-E6F8A0B2D4E6}</UniqueIdentifier>
      <Extensions>cpp;c;cc;cxx;def;odl;idl;hpj;bat;asm;asmx</Extensions>
    </Filter>
    <Filter Include="Header Files">
      <UniqueIdentifier>{D4F6A8C0-E2F4-4A8C-B4D6-F8A0C2E4F6A8}</UniqueIdentifier>
      <Extensions>h;hpp;hxx;hm;inl;inc;xsd</Extensions>
    </Filter>
  </ItemGroup>
  <ItemGroup>
    <ClCompile Include="Core\Main.cpp">
      <Filter>Source Files</Filter>
    </ClCompile>
    <ClCompile Include="Core\Crypto\Crypto.cpp">
      <Filter>Source Files</Filter>
    </ClCompile>
    <ClCompile Include="Core\Http\Http.cpp">
      <Filter>Source Files</Filter>
    </ClCompile>
    <ClCompile Include="Core\Splash\Splash.cpp">
      <Filter>Source Files</Filter>
    </ClCompile>
    <ClCompile Include="Core\Mapper\Mapper.cpp">
      <Filter>Source Files</Filter>
    </ClCompile>
    <ClCompile Include="Core\Driver\Driver.cpp">
      <Filter>Source Files</Filter>
    </ClCompile>
  </ItemGroup>
  <ItemGroup>
    <ClInclude Include="Misc\Incl.h">
      <Filter>Header Files</Filter>
    </ClInclude>
    <ClInclude Include="Core\Crypto\Crypto.h">
      <Filter>Header Files</Filter>
    </ClInclude>
    <ClInclude Include="Core\Driver\Driver.h">
      <Filter>Header Files</Filter>
    </ClInclude>
    <ClInclude Include="Core\Http\Http.h">
      <Filter>Header Files</Filter>
    </ClInclude>
    <ClInclude Include="Core\Mapper\Mapper.h">
      <Filter>Header Files</Filter>
    </ClInclude>
    <ClInclude Include="Core\Splash\Splash.h">
      <Filter>Header Files</Filter>
    </ClInclude>
  </ItemGroup>
</Project>