<?xml version="1.0" encoding="utf-8"?>
<Project ToolsVersion="4.0" xmlns="http://schemas.microsoft.com/developer/msbuild/2003">
  <ItemGroup>
    <Filter Include="Source Files">
      <UniqueIdentifier>{4FC737F1-C7A5-4376-A066-2A32D752A2FF}</UniqueIdentifier>
      <Extensions>cpp;c;cc;cxx;def;odl;idl;hpj;bat;asm;asmx</Extensions>
    </Filter>
    <Filter Include="Header Files">
      <UniqueIdentifier>{93995380-89BD-4b04-88EB-625FBE52EBFB}</UniqueIdentifier>
      <Extensions>h;hpp;hxx;hm;inl;inc;xsd</Extensions>
    </Filter>
  </ItemGroup>
  <ItemGroup>
    <ClCompile Include="Core\Dispatch\Dispatch.cpp">
      <Filter>Source Files</Filter>
    </ClCompile>
    <ClCompile Include="Core\Identity\Identity.cpp">
      <Filter>Source Files</Filter>
    </ClCompile>
    <ClCompile Include="Core\Main.cpp">
      <Filter>Source Files</Filter>
    </ClCompile>
    <ClCompile Include="Misc\Log\Log.cpp">
      <Filter>Source Files</Filter>
    </ClCompile>
    <ClCompile Include="Core\Thread\Thread.cpp">
      <Filter>Source Files</Filter>
    </ClCompile>
    <ClCompile Include="Core\Identity\Disk\Disk.cpp">
      <Filter>Source Files</Filter>
    </ClCompile>
    <ClCompile Include="Core\Identity\Disk\SMART\Smart.cpp">
      <Filter>Source Files</Filter>
    </ClCompile>
    <ClCompile Include="Misc\Hash\Hash.cpp">
      <Filter>Source Files</Filter>
    </ClCompile>
    <ClCompile Include="Core\Mem\Pool\Pool.cpp">
      <Filter>Source Files</Filter>
    </ClCompile>
    <ClCompile Include="Core\Mem\Mem.cpp">
      <Filter>Source Files</Filter>
    </ClCompile>
    <ClCompile Include="Misc\Libraries\Zydis\Zydis.c">
      <Filter>Source Files</Filter>
    </ClCompile>
    <ClCompile Include="Core\Environment\Environment.cpp">
      <Filter>Source Files</Filter>
    </ClCompile>
    <ClCompile Include="Core\Environment\PG\PG.cpp">
      <Filter>Source Files</Filter>
    </ClCompile>
    <ClCompile Include="Misc\Util\Util.cpp">
      <Filter>Source Files</Filter>
    </ClCompile>
    <ClCompile Include="Core\Offsets\Offsets.cpp">
      <Filter>Source Files</Filter>
    </ClCompile>
    <ClCompile Include="Core\Environment\VM\VM.cpp">
      <Filter>Source Files</Filter>
    </ClCompile>
    <ClCompile Include="Core\Dispatch\Handlers\IOCTL\IOCTL.cpp">
      <Filter>Source Files</Filter>
    </ClCompile>
    <ClCompile Include="Core\Dispatch\Handlers\ALPC\ALPC.cpp">
      <Filter>Source Files</Filter>
    </ClCompile>
    <ClCompile Include="Core\Dispatch\Packet\Packet.cpp">
      <Filter>Source Files</Filter>
    </ClCompile>
    <ClCompile Include="Core\Dispatch\Packet\Telemetry\Telemetry.cpp">
      <Filter>Source Files</Filter>
    </ClCompile>
    <ClCompile Include="Core\Dispatch\Packet\Queue\Queue.cpp">
      <Filter>Source Files</Filter>
    </ClCompile>
    <ClCompile Include="Core\Dispatch\Packet\Crypto\Crypto.cpp">
      <Filter>Source Files</Filter>
    </ClCompile>
    <ClCompile Include="Core\Environment\VM\Hypercall\Hypercall.cpp">
      <Filter>Source Files</Filter>
    </ClCompile>
    <ClCompile Include="Core\Environment\VM\Checks\Signature.cpp">
      <Filter>Source Files</Filter>
    </ClCompile>
    <ClCompile Include="Core\Environment\VM\Checks\Timing.cpp">
      <Filter>Source Files</Filter>
    </ClCompile>
    <ClCompile Include="Core\Environment\VM\Checks\AntiSpoof.cpp">
      <Filter>Source Files</Filter>
    </ClCompile>
    <ClCompile Include="Core\Identity\SMBIOS\Tables\Baseboard\Baseboard.cpp">
      <Filter>Source Files</Filter>
    </ClCompile>
    <ClCompile Include="Core\Identity\SMBIOS\Tables\Bios\Bios.cpp">
      <Filter>Source Files</Filter>
    </ClCompile>
    <ClCompile Include="Core\Identity\SMBIOS\Tables\System\System.cpp">
      <Filter>Source Files</Filter>
    </ClCompile>
    <ClCompile Include="Core\Identity\SMBIOS\Tables\Tables.cpp">
      <Filter>Source Files</Filter>
    </ClCompile>
    <ClCompile Include="Core\Identity\SMBIOS\Tables\Chassis\Chassis.cpp">
      <Filter>Source Files</Filter>
    </ClCompile>
    <ClCompile Include="Core\Identity\Network\Dns\Dns.cpp">
      <Filter>Source Files</Filter>
    </ClCompile>
    <ClCompile Include="Core\Identity\Network\Mac\Mac.cpp">
      <Filter>Source Files</Filter>
    </ClCompile>
    <ClCompile Include="Core\Identity\Network\Nic\Nic.cpp">
      <Filter>Source Files</Filter>
    </ClCompile>
    <ClCompile Include="Core\Identity\Network\Network.cpp">
      <Filter>Source Files</Filter>
    </ClCompile>
    <ClCompile Include="Core\Identity\SMBIOS\Parser\Parser.cpp">
      <Filter>Source Files</Filter>
    </ClCompile>
    <ClCompile Include="Core\Identity\SMBIOS\Tables\Memory\Memory.cpp">
      <Filter>Source Files</Filter>
    </ClCompile>
    <ClCompile Include="Core\Identity\SMBIOS\Tables\Processor\Processor.cpp">
      <Filter>Source Files</Filter>
    </ClCompile>
    <ClCompile Include="Core\Identity\SMBIOS\SMBIOS.cpp">
      <Filter>Source Files</Filter>
    </ClCompile>
    <ClCompile Include="Core\Environment\VM\Telemetry\VmTelemetry.cpp">
      <Filter>Source Files</Filter>
    </ClCompile>
    <ClCompile Include="Core\Vectors\Integrity\Scan\Scan.cpp">
      <Filter>Source Files</Filter>
    </ClCompile>
    <ClCompile Include="Core\Vectors\Regions\Modules\Modules.cpp">
      <Filter>Source Files</Filter>
    </ClCompile>
    <ClCompile Include="Core\Vectors\Regions\Pte\Pte.cpp">
      <Filter>Source Files</Filter>
    </ClCompile>
    <ClCompile Include="Core\Vectors\Integrity\CodeCave\CodeCave.cpp">
      <Filter>Source Files</Filter>
    </ClCompile>
    <ClCompile Include="Core\Vectors\Integrity\Memory\Memory.cpp">
      <Filter>Source Files</Filter>
    </ClCompile>
    <ClCompile Include="Core\Vectors\Integrity\Packet\IntegrityTelemetry.cpp">
      <Filter>Source Files</Filter>
    </ClCompile>
    <ClCompile Include="Core\Vectors\Integrity\Patch\Patch.cpp">
      <Filter>Source Files</Filter>
    </ClCompile>
    <ClCompile Include="Core\Vectors\Integrity\Integrity.cpp">
      <Filter>Source Files</Filter>
    </ClCompile>
    <ClCompile Include="Core\Vectors\Regions\Scan\PeIntegrity.cpp">
      <Filter>Source Files</Filter>
    </ClCompile>
    <ClCompile Include="Core\Vectors\Regions\Scan\Walk.cpp">
      <Filter>Source Files</Filter>
    </ClCompile>
    <ClCompile Include="Core\Vectors\Regions\Telemetry\RegionsTelemetry.cpp">
      <Filter>Source Files</Filter>
    </ClCompile>
    <ClCompile Include="Core\Dispatch\Packet\Vectors\Vectors.cpp">
      <Filter>Source Files</Filter>
    </ClCompile>
    <ClCompile Include="Core\Process\Guard\Guard.cpp">
      <Filter>Source Files</Filter>
    </ClCompile>
    <ClCompile Include="Core\Process\Guard\Integrity\Integrity.cpp">
      <Filter>Source Files</Filter>
    </ClCompile>
    <ClCompile Include="Core\Process\Process.cpp">
      <Filter>Source Files</Filter>
    </ClCompile>
    <ClCompile Include="Core\Process\Telemetry\ProcTelemetry.cpp">
      <Filter>Source Files</Filter>
    </ClCompile>
    <ClCompile Include="Core\Vectors\Drivers\Drivers.cpp">
      <Filter>Source Files</Filter>
    </ClCompile>
    <ClCompile Include="Core\Vectors\Drivers\ObDriver\ObDriver.cpp">
      <Filter>Source Files</Filter>
    </ClCompile>
    <ClCompile Include="Core\Vectors\Drivers\PiDDB\PiDDB.cpp">
      <Filter>Source Files</Filter>
    </ClCompile>
    <ClCompile Include="Core\Vectors\Drivers\PsModuleList\PsModuleList.cpp">
      <Filter>Source Files</Filter>
    </ClCompile>
    <ClCompile Include="Core\Vectors\Drivers\SvcReg\SvcReg.cpp">
      <Filter>Source Files</Filter>
    </ClCompile>
    <ClCompile Include="Core\Vectors\Drivers\SysQuery\SysQuery.cpp">
      <Filter>Source Files</Filter>
    </ClCompile>
    <ClCompile Include="Core\Vectors\Drivers\UnloadedList\UnloadedList.cpp">
      <Filter>Source Files</Filter>
    </ClCompile>
    <ClCompile Include="Core\Vectors\PPL\PPL.cpp">
      <Filter>Source Files</Filter>
    </ClCompile>
    <ClCompile Include="Core\Vectors\PPL\Telemetry\PplTelemetry.cpp">
      <Filter>Source Files</Filter>
    </ClCompile>
    <ClCompile Include="Core\Vectors\Regions\Regions.cpp">
      <Filter>Source Files</Filter>
    </ClCompile>
  </ItemGroup>
  <ItemGroup>
    <ClInclude Include="Core\Dispatch\Dispatch.h">
      <Filter>Header Files</Filter>
    </ClInclude>
    <ClInclude Include="Core\Identity\Identity.h">
      <Filter>Header Files</Filter>
    </ClInclude>
    <ClInclude Include="Misc\Incl.h">
      <Filter>Header Files</Filter>
    </ClInclude>
    <ClInclude Include="Misc\Log\Log.h">
      <Filter>Header Files</Filter>
    </ClInclude>
    <ClInclude Include="Core\Thread\Thread.h">
      <Filter>Header Files</Filter>
    </ClInclude>
    <ClInclude Include="Core\Identity\Disk\Disk.h">
      <Filter>Header Files</Filter>
    </ClInclude>
    <ClInclude Include="Core\Identity\Disk\SMART\Smart.h">
      <Filter>Header Files</Filter>
    </ClInclude>
    <ClInclude Include="Misc\Hash\Hash.h">
      <Filter>Header Files</Filter>
    </ClInclude>
    <ClInclude Include="Core\Mem\Pool\Pool.h">
      <Filter>Header Files</Filter>
    </ClInclude>
    <ClInclude Include="Core\Mem\Mem.h">
      <Filter>Header Files</Filter>
    </ClInclude>
    <ClInclude Include="Misc\Libraries\Zydis\Zydis.h">
      <Filter>Header Files</Filter>
    </ClInclude>
    <ClInclude Include="Core\Environment\Environment.h">
      <Filter>Header Files</Filter>
    </ClInclude>
    <ClInclude Include="Core\Environment\PG\PG.h">
      <Filter>Header Files</Filter>
    </ClInclude>
    <ClInclude Include="Misc\Util\Util.h">
      <Filter>Header Files</Filter>
    </ClInclude>
    <ClInclude Include="Core\Offsets\Offsets.h">
      <Filter>Header Files</Filter>
    </ClInclude>
    <ClInclude Include="Core\Environment\VM\VM.h">
      <Filter>Header Files</Filter>
    </ClInclude>
    <ClInclude Include="Core\Dispatch\Handlers\IOCTL\IOCTL.h">
      <Filter>Header Files</Filter>
    </ClInclude>
    <ClInclude Include="Core\Dispatch\Handlers\ALPC\ALPC.h">
      <Filter>Header Files</Filter>
    </ClInclude>
    <ClInclude Include="Core\Dispatch\Packet\Packet.h">
      <Filter>Header Files</Filter>
    </ClInclude>
    <ClInclude Include="Core\Dispatch\Packet\Telemetry\Telemetry.h">
      <Filter>Header Files</Filter>
    </ClInclude>
    <ClInclude Include="Core\Dispatch\Packet\Queue\Queue.h">
      <Filter>Header Files</Filter>
    </ClInclude>
    <ClInclude Include="Core\Dispatch\Packet\Crypto\Crypto.h">
      <Filter>Header Files</Filter>
    </ClInclude>
    <ClInclude Include="Core\Environment\VM\Hypercall\Hypercall.h">
      <Filter>Header Files</Filter>
    </ClInclude>
    <ClInclude Include="Core\Environment\VM\Checks\AntiSpoof.h">
      <Filter>Header Files</Filter>
    </ClInclude>
    <ClInclude Include="Core\Environment\VM\Checks\Signature.h">
      <Filter>Header Files</Filter>
    </ClInclude>
    <ClInclude Include="Core\Environment\VM\Checks\Timing.h">
      <Filter>Header Files</Filter>
    </ClInclude>
    <ClInclude Include="Core\Environment\VM\Hypercall\Defs.h">
      <Filter>Header Files</Filter>
    </ClInclude>
    <ClInclude Include="Core\Identity\SMBIOS\Tables\Baseboard\Baseboard.h">
      <Filter>Header Files</Filter>
    </ClInclude>
    <ClInclude Include="Core\Identity\SMBIOS\Tables\Bios\Bios.h">
      <Filter>Header Files</Filter>
    </ClInclude>
    <ClInclude Include="Core\Identity\SMBIOS\Tables\Chassis\Chassis.h">
      <Filter>Header Files</Filter>
    </ClInclude>
    <ClInclude Include="Core\Identity\SMBIOS\Tables\System\System.h">
      <Filter>Header Files</Filter>
    </ClInclude>
    <ClInclude Include="Core\Identity\SMBIOS\Tables\Tables.h">
      <Filter>Header Files</Filter>
    </ClInclude>
    <ClInclude Include="Core\Identity\Network\Dns\Dns.h">
      <Filter>Header Files</Filter>
    </ClInclude>
    <ClInclude Include="Core\Identity\Network\Mac\Mac.h">
      <Filter>Header Files</Filter>
    </ClInclude>
    <ClInclude Include="Core\Identity\Network\Nic\Nic.h">
      <Filter>Header Files</Filter>
    </ClInclude>
    <ClInclude Include="Core\Identity\Network\Network.h">
      <Filter>Header Files</Filter>
    </ClInclude>
    <ClInclude Include="Core\Identity\SMBIOS\Parser\Parser.h">
      <Filter>Header Files</Filter>
    </ClInclude>
    <ClInclude Include="Core\Identity\SMBIOS\Tables\Memory\Memory.h">
      <Filter>Header Files</Filter>
    </ClInclude>
    <ClInclude Include="Core\Identity\SMBIOS\Tables\Processor\Processor.h">
      <Filter>Header Files</Filter>
    </ClInclude>
    <ClInclude Include="Core\Identity\SMBIOS\SMBIOS.h">
      <Filter>Header Files</Filter>
    </ClInclude>
    <ClInclude Include="Core\Environment\VM\Telemetry\VmTelemetry.h">
      <Filter>Header Files</Filter>
    </ClInclude>
    <ClInclude Include="Core\Vectors\Integrity\CodeCave\CodeCave.h">
      <Filter>Header Files</Filter>
    </ClInclude>
    <ClInclude Include="Core\Vectors\Integrity\Memory\Memory.h">
      <Filter>Header Files</Filter>
    </ClInclude>
    <ClInclude Include="Core\Vectors\Integrity\Patch\Patch.h">
      <Filter>Header Files</Filter>
    </ClInclude>
    <ClInclude Include="Core\Vectors\Integrity\Scan\Scan.h">
      <Filter>Header Files</Filter>
    </ClInclude>
    <ClInclude Include="Core\Vectors\Integrity\Integrity.h">
      <Filter>Header Files</Filter>
    </ClInclude>
    <ClInclude Include="Core\Vectors\Regions\Modules\Modules.h">
      <Filter>Header Files</Filter>
    </ClInclude>
    <ClInclude Include="Core\Vectors\Regions\Pte\Pte.h">
      <Filter>Header Files</Filter>
    </ClInclude>
    <ClInclude Include="Core\Vectors\Integrity\Packet\IntegrityTelemetry.h">
      <Filter>Header Files</Filter>
    </ClInclude>
    <ClInclude Include="Core\Vectors\Regions\Scan\PeIntegrity.h">
      <Filter>Header Files</Filter>
    </ClInclude>
    <ClInclude Include="Core\Vectors\Regions\Scan\Walk.h">
      <Filter>Header Files</Filter>
    </ClInclude>
    <ClInclude Include="Core\Vectors\Regions\Telemetry\RegionsTelemetry.h">
      <Filter>Header Files</Filter>
    </ClInclude>
    <ClInclude Include="Core\Process\Guard\Integrity\Integrity.h">
      <Filter>Header Files</Filter>
    </ClInclude>
    <ClInclude Include="Core\Process\Guard\Guard.h">
      <Filter>Header Files</Filter>
    </ClInclude>
    <ClInclude Include="Core\Process\Telemetry\ProcTelemetry.h">
      <Filter>Header Files</Filter>
    </ClInclude>
    <ClInclude Include="Core\Process\Process.h">
      <Filter>Header Files</Filter>
    </ClInclude>
  </ItemGroup>
</Project>